
Microsoft Visual Studio Solution File, Format Version 12.00
# Visual Studio Version 17
VisualStudioVersion = 17.7.34221.43
MinimumVisualStudioVersion = 10.0.40219.1
Project("{FAE04EC0-301F-11D3-BF4B-00C04F79EFBC}") = "WearHouse2", "WearHouse2\WearHouse2.csproj", "{804EBBEB-2FBE-4F23-9728-8890A0A3B978}"
EndProject
Global
	GlobalSection(SolutionConfigurationPlatforms) = preSolution
		Debug|Any CPU = Debug|Any CPU
		Release|Any CPU = Release|Any CPU
	EndGlobalSection
	GlobalSection(ProjectConfigurationPlatforms) = postSolution
		{804EBBEB-2FBE-4F23-9728-8890A0A3B978}.Debug|Any CPU.ActiveCfg = Debug|Any CPU
		{804EBBEB-2FBE-4F23-9728-8890A0A3B978}.Debug|Any CPU.Build.0 = Debug|Any CPU
		{804EBBEB-2FBE-4F23-9728-8890A0A3B978}.Release|Any CPU.ActiveCfg = Release|Any CPU
		{804EBBEB-2FBE-4F23-9728-8890A0A3B978}.Release|Any CPU.Build.0 = Release|Any CPU
	EndGlobalSection
	GlobalSection(SolutionProperties) = preSolution
		HideSolutionNode = FALSE
	EndGlobalSection
	GlobalSection(ExtensibilityGlobals) = postSolution
		SolutionGuid = {88BD494B-42E1-4342-AAC8-83DA8CC7DA5E}
	EndGlobalSection
EndGlobal
